// !$*UTF8*$!
{
	archiveVersion = 1;
	classes = {
	};
	objectVersion = 56;
	objects = {

/* Begin PBXBuildFile section */
		A9291C2D2AAB6544006C5226 /* CircleButtonView.swift in Sources */ = {isa = PBXBuildFile; fileRef = A9291C2C2AAB6544006C5226 /* CircleButtonView.swift */; };
		A9291C302AAB65C3006C5226 /* Constants.swift in Sources */ = {isa = PBXBuildFile; fileRef = A9291C2F2AAB65C3006C5226 /* Constants.swift */; };
		A9291C332AAB70DD006C5226 /* Coin.swift in Sources */ = {isa = PBXBuildFile; fileRef = A9291C322AAB70DD006C5226 /* Coin.swift */; };
		A9336D9B2AB587F700B698F0 /* CoinDetail.swift in Sources */ = {isa = PBXBuildFile; fileRef = A9336D9A2AB587F700B698F0 /* CoinDetail.swift */; };
		A9336D9D2AB5899900B698F0 /* DetailViewModel.swift in Sources */ = {isa = PBXBuildFile; fileRef = A9336D9C2AB5899900B698F0 /* DetailViewModel.swift */; };
		A9336D9F2AB58CEB00B698F0 /* CoinDetailDataService.swift in Sources */ = {isa = PBXBuildFile; fileRef = A9336D9E2AB58CEB00B698F0 /* CoinDetailDataService.swift */; };
		A936B23C2AB337680050DC4C /* PortfolioContainer.xcdatamodeld in Sources */ = {isa = PBXBuildFile; fileRef = A936B23A2AB337680050DC4C /* PortfolioContainer.xcdatamodeld */; };
		A936B23E2AB338390050DC4C /* PortfolioDataService.swift in Sources */ = {isa = PBXBuildFile; fileRef = A936B23D2AB338390050DC4C /* PortfolioDataService.swift */; };
		A95BCF872AABB65500652A3D /* CoinRowView.swift in Sources */ = {isa = PBXBuildFile; fileRef = A95BCF862AABB65500652A3D /* CoinRowView.swift */; };
		A95BCF892AABB6B600652A3D /* PreviewProvider+Extensions.swift in Sources */ = {isa = PBXBuildFile; fileRef = A95BCF882AABB6B600652A3D /* PreviewProvider+Extensions.swift */; };
		A95BCF8B2AABBBA200652A3D /* Double+Extensions.swift in Sources */ = {isa = PBXBuildFile; fileRef = A95BCF8A2AABBBA200652A3D /* Double+Extensions.swift */; };
		A9608C222AAB599F00CF272C /* KryptonApp.swift in Sources */ = {isa = PBXBuildFile; fileRef = A9608C212AAB599F00CF272C /* KryptonApp.swift */; };
		A9608C262AAB59A000CF272C /* Assets.xcassets in Resources */ = {isa = PBXBuildFile; fileRef = A9608C252AAB59A000CF272C /* Assets.xcassets */; };
		A9608C292AAB59A000CF272C /* Preview Assets.xcassets in Resources */ = {isa = PBXBuildFile; fileRef = A9608C282AAB59A000CF272C /* Preview Assets.xcassets */; };
		A9608C312AAB5DF500CF272C /* Color+Extensions.swift in Sources */ = {isa = PBXBuildFile; fileRef = A9608C302AAB5DF500CF272C /* Color+Extensions.swift */; };
		A9608C332AAB608E00CF272C /* Font+Extensions.swift in Sources */ = {isa = PBXBuildFile; fileRef = A9608C322AAB608E00CF272C /* Font+Extensions.swift */; };
		A9608C3B2AAB622600CF272C /* HomeView.swift in Sources */ = {isa = PBXBuildFile; fileRef = A9608C3A2AAB622600CF272C /* HomeView.swift */; };
		A9608C412AAB64DC00CF272C /* LexendDeca-Regular.ttf in Resources */ = {isa = PBXBuildFile; fileRef = A9608C3E2AAB64DC00CF272C /* LexendDeca-Regular.ttf */; };
		A9608C422AAB64DC00CF272C /* LexendDeca-SemiBold.ttf in Resources */ = {isa = PBXBuildFile; fileRef = A9608C3F2AAB64DC00CF272C /* LexendDeca-SemiBold.ttf */; };
		A9608C432AAB64DC00CF272C /* LexendDeca-Bold.ttf in Resources */ = {isa = PBXBuildFile; fileRef = A9608C402AAB64DC00CF272C /* LexendDeca-Bold.ttf */; };
		A964E4B72AAEEB9C00073FF3 /* HomeStatisticView.swift in Sources */ = {isa = PBXBuildFile; fileRef = A964E4B62AAEEB9C00073FF3 /* HomeStatisticView.swift */; };
		A964E4B92AAEF6CE00073FF3 /* MarketData.swift in Sources */ = {isa = PBXBuildFile; fileRef = A964E4B82AAEF6CE00073FF3 /* MarketData.swift */; };
		A964E4BB2AAEF97700073FF3 /* MarketDataService.swift in Sources */ = {isa = PBXBuildFile; fileRef = A964E4BA2AAEF97700073FF3 /* MarketDataService.swift */; };
		A964E4BD2AAF10AD00073FF3 /* PortfolioView.swift in Sources */ = {isa = PBXBuildFile; fileRef = A964E4BC2AAF10AD00073FF3 /* PortfolioView.swift */; };
		A964E4BF2AAF124800073FF3 /* Launch Screen.storyboard in Resources */ = {isa = PBXBuildFile; fileRef = A964E4BE2AAF124800073FF3 /* Launch Screen.storyboard */; };
		A964E4C12AAF1E9300073FF3 /* CoinLogoView.swift in Sources */ = {isa = PBXBuildFile; fileRef = A964E4C02AAF1E9300073FF3 /* CoinLogoView.swift */; };
		A983F6162AAEE24C00F5D192 /* Statistic.swift in Sources */ = {isa = PBXBuildFile; fileRef = A983F6152AAEE24C00F5D192 /* Statistic.swift */; };
		A983F6192AAEE35C00F5D192 /* StatisticView.swift in Sources */ = {isa = PBXBuildFile; fileRef = A983F6182AAEE35C00F5D192 /* StatisticView.swift */; };
		A98A9D132AAC406900F24CA6 /* HomeViewModel.swift in Sources */ = {isa = PBXBuildFile; fileRef = A98A9D122AAC406900F24CA6 /* HomeViewModel.swift */; };
		A98A9D162AAC500200F24CA6 /* CoinDataService.swift in Sources */ = {isa = PBXBuildFile; fileRef = A98A9D152AAC500200F24CA6 /* CoinDataService.swift */; };
		A98A9D192AAC5E7D00F24CA6 /* NetworkManager.swift in Sources */ = {isa = PBXBuildFile; fileRef = A98A9D182AAC5E7D00F24CA6 /* NetworkManager.swift */; };
		A98A9D1C2AAC72A000F24CA6 /* CoinImageView.swift in Sources */ = {isa = PBXBuildFile; fileRef = A98A9D1B2AAC72A000F24CA6 /* CoinImageView.swift */; };
		A98A9D1E2AAC749200F24CA6 /* CoinImageService.swift in Sources */ = {isa = PBXBuildFile; fileRef = A98A9D1D2AAC749200F24CA6 /* CoinImageService.swift */; };
		A98A9D202AAC75CA00F24CA6 /* CoinImageViewModel.swift in Sources */ = {isa = PBXBuildFile; fileRef = A98A9D1F2AAC75CA00F24CA6 /* CoinImageViewModel.swift */; };
		A98A9D222AAC924E00F24CA6 /* LocalFileManager.swift in Sources */ = {isa = PBXBuildFile; fileRef = A98A9D212AAC924E00F24CA6 /* LocalFileManager.swift */; };
		A98A9D262AACA33600F24CA6 /* SearchBarView.swift in Sources */ = {isa = PBXBuildFile; fileRef = A98A9D252AACA33600F24CA6 /* SearchBarView.swift */; };
		A98A9D282AACA5F200F24CA6 /* View+Extensions.swift in Sources */ = {isa = PBXBuildFile; fileRef = A98A9D272AACA5F200F24CA6 /* View+Extensions.swift */; };
		A98A9D2A2AACAB5E00F24CA6 /* UIApplication+Extensions.swift in Sources */ = {isa = PBXBuildFile; fileRef = A98A9D292AACAB5E00F24CA6 /* UIApplication+Extensions.swift */; };
		A9AA98B62AB44BC800050E39 /* HapticManager.swift in Sources */ = {isa = PBXBuildFile; fileRef = A9AA98B52AB44BC800050E39 /* HapticManager.swift */; };
		A9AA98BC2AB49F6000050E39 /* DetailView.swift in Sources */ = {isa = PBXBuildFile; fileRef = A9AA98BB2AB49F6000050E39 /* DetailView.swift */; };
		A9FD4CF92ABAD64E0037A984 /* ChartView.swift in Sources */ = {isa = PBXBuildFile; fileRef = A9FD4CF82ABAD64E0037A984 /* ChartView.swift */; };
		A9FD4CFB2ABAE93D0037A984 /* Date+Extensions.swift in Sources */ = {isa = PBXBuildFile; fileRef = A9FD4CFA2ABAE93D0037A984 /* Date+Extensions.swift */; };
		A9FD4CFD2ABB03350037A984 /* String+Extensions.swift in Sources */ = {isa = PBXBuildFile; fileRef = A9FD4CFC2ABB03350037A984 /* String+Extensions.swift */; };
/* End PBXBuildFile section */

/* Begin PBXFileReference section */
		A9291C2C2AAB6544006C5226 /* CircleButtonView.swift */ = {isa = PBXFileReference; lastKnownFileType = sourcecode.swift; path = CircleButtonView.swift; sourceTree = "<group>"; };
		A9291C2F2AAB65C3006C5226 /* Constants.swift */ = {isa = PBXFileReference; lastKnownFileType = sourcecode.swift; path = Constants.swift; sourceTree = "<group>"; };
		A9291C322AAB70DD006C5226 /* Coin.swift */ = {isa = PBXFileReference; lastKnownFileType = sourcecode.swift; path = Coin.swift; sourceTree = "<group>"; };
		A9336D9A2AB587F700B698F0 /* CoinDetail.swift */ = {isa = PBXFileReference; fileEncoding = 4; lastKnownFileType = sourcecode.swift; path = CoinDetail.swift; sourceTree = "<group>"; };
		A9336D9C2AB5899900B698F0 /* DetailViewModel.swift */ = {isa = PBXFileReference; lastKnownFileType = sourcecode.swift; path = DetailViewModel.swift; sourceTree = "<group>"; };
		A9336D9E2AB58CEB00B698F0 /* CoinDetailDataService.swift */ = {isa = PBXFileReference; lastKnownFileType = sourcecode.swift; path = CoinDetailDataService.swift; sourceTree = "<group>"; };
		A936B23B2AB337680050DC4C /* PortfolioContainer.xcdatamodel */ = {isa = PBXFileReference; lastKnownFileType = wrapper.xcdatamodel; path = PortfolioContainer.xcdatamodel; sourceTree = "<group>"; };
		A936B23D2AB338390050DC4C /* PortfolioDataService.swift */ = {isa = PBXFileReference; lastKnownFileType = sourcecode.swift; path = PortfolioDataService.swift; sourceTree = "<group>"; };
		A95BCF862AABB65500652A3D /* CoinRowView.swift */ = {isa = PBXFileReference; lastKnownFileType = sourcecode.swift; path = CoinRowView.swift; sourceTree = "<group>"; };
		A95BCF882AABB6B600652A3D /* PreviewProvider+Extensions.swift */ = {isa = PBXFileReference; lastKnownFileType = sourcecode.swift; path = "PreviewProvider+Extensions.swift"; sourceTree = "<group>"; };
		A95BCF8A2AABBBA200652A3D /* Double+Extensions.swift */ = {isa = PBXFileReference; lastKnownFileType = sourcecode.swift; path = "Double+Extensions.swift"; sourceTree = "<group>"; };
		A9608C1E2AAB599F00CF272C /* Krypton.app */ = {isa = PBXFileReference; explicitFileType = wrapper.application; includeInIndex = 0; path = Krypton.app; sourceTree = BUILT_PRODUCTS_DIR; };
		A9608C212AAB599F00CF272C /* KryptonApp.swift */ = {isa = PBXFileReference; lastKnownFileType = sourcecode.swift; path = KryptonApp.swift; sourceTree = "<group>"; };
		A9608C252AAB59A000CF272C /* Assets.xcassets */ = {isa = PBXFileReference; lastKnownFileType = folder.assetcatalog; path = Assets.xcassets; sourceTree = "<group>"; };
		A9608C282AAB59A000CF272C /* Preview Assets.xcassets */ = {isa = PBXFileReference; lastKnownFileType = folder.assetcatalog; path = "Preview Assets.xcassets"; sourceTree = "<group>"; };
		A9608C302AAB5DF500CF272C /* Color+Extensions.swift */ = {isa = PBXFileReference; lastKnownFileType = sourcecode.swift; path = "Color+Extensions.swift"; sourceTree = "<group>"; };
		A9608C322AAB608E00CF272C /* Font+Extensions.swift */ = {isa = PBXFileReference; lastKnownFileType = sourcecode.swift; path = "Font+Extensions.swift"; sourceTree = "<group>"; };
		A9608C3A2AAB622600CF272C /* HomeView.swift */ = {isa = PBXFileReference; lastKnownFileType = sourcecode.swift; path = HomeView.swift; sourceTree = "<group>"; };
		A9608C3C2AAB638800CF272C /* Info.plist */ = {isa = PBXFileReference; lastKnownFileType = text.plist; path = Info.plist; sourceTree = "<group>"; };
		A9608C3E2AAB64DC00CF272C /* LexendDeca-Regular.ttf */ = {isa = PBXFileReference; lastKnownFileType = file; path = "LexendDeca-Regular.ttf"; sourceTree = "<group>"; };
		A9608C3F2AAB64DC00CF272C /* LexendDeca-SemiBold.ttf */ = {isa = PBXFileReference; lastKnownFileType = file; path = "LexendDeca-SemiBold.ttf"; sourceTree = "<group>"; };
		A9608C402AAB64DC00CF272C /* LexendDeca-Bold.ttf */ = {isa = PBXFileReference; lastKnownFileType = file; path = "LexendDeca-Bold.ttf"; sourceTree = "<group>"; };
		A964E4B62AAEEB9C00073FF3 /* HomeStatisticView.swift */ = {isa = PBXFileReference; lastKnownFileType = sourcecode.swift; path = HomeStatisticView.swift; sourceTree = "<group>"; };
		A964E4B82AAEF6CE00073FF3 /* MarketData.swift */ = {isa = PBXFileReference; fileEncoding = 4; lastKnownFileType = sourcecode.swift; path = MarketData.swift; sourceTree = "<group>"; };
		A964E4BA2AAEF97700073FF3 /* MarketDataService.swift */ = {isa = PBXFileReference; lastKnownFileType = sourcecode.swift; path = MarketDataService.swift; sourceTree = "<group>"; };
		A964E4BC2AAF10AD00073FF3 /* PortfolioView.swift */ = {isa = PBXFileReference; lastKnownFileType = sourcecode.swift; path = PortfolioView.swift; sourceTree = "<group>"; };
		A964E4BE2AAF124800073FF3 /* Launch Screen.storyboard */ = {isa = PBXFileReference; lastKnownFileType = file.storyboard; path = "Launch Screen.storyboard"; sourceTree = "<group>"; };
		A964E4C02AAF1E9300073FF3 /* CoinLogoView.swift */ = {isa = PBXFileReference; lastKnownFileType = sourcecode.swift; path = CoinLogoView.swift; sourceTree = "<group>"; };
		A983F6152AAEE24C00F5D192 /* Statistic.swift */ = {isa = PBXFileReference; lastKnownFileType = sourcecode.swift; path = Statistic.swift; sourceTree = "<group>"; };
		A983F6182AAEE35C00F5D192 /* StatisticView.swift */ = {isa = PBXFileReference; lastKnownFileType = sourcecode.swift; path = StatisticView.swift; sourceTree = "<group>"; };
		A98A9D122AAC406900F24CA6 /* HomeViewModel.swift */ = {isa = PBXFileReference; lastKnownFileType = sourcecode.swift; path = HomeViewModel.swift; sourceTree = "<group>"; };
		A98A9D152AAC500200F24CA6 /* CoinDataService.swift */ = {isa = PBXFileReference; lastKnownFileType = sourcecode.swift; path = CoinDataService.swift; sourceTree = "<group>"; };
		A98A9D182AAC5E7D00F24CA6 /* NetworkManager.swift */ = {isa = PBXFileReference; lastKnownFileType = sourcecode.swift; path = NetworkManager.swift; sourceTree = "<group>"; };
		A98A9D1B2AAC72A000F24CA6 /* CoinImageView.swift */ = {isa = PBXFileReference; lastKnownFileType = sourcecode.swift; path = CoinImageView.swift; sourceTree = "<group>"; };
		A98A9D1D2AAC749200F24CA6 /* CoinImageService.swift */ = {isa = PBXFileReference; lastKnownFileType = sourcecode.swift; path = CoinImageService.swift; sourceTree = "<group>"; };
		A98A9D1F2AAC75CA00F24CA6 /* CoinImageViewModel.swift */ = {isa = PBXFileReference; lastKnownFileType = sourcecode.swift; path = CoinImageViewModel.swift; sourceTree = "<group>"; };
		A98A9D212AAC924E00F24CA6 /* LocalFileManager.swift */ = {isa = PBXFileReference; lastKnownFileType = sourcecode.swift; path = LocalFileManager.swift; sourceTree = "<group>"; };
		A98A9D252AACA33600F24CA6 /* SearchBarView.swift */ = {isa = PBXFileReference; lastKnownFileType = sourcecode.swift; path = SearchBarView.swift; sourceTree = "<group>"; };
		A98A9D272AACA5F200F24CA6 /* View+Extensions.swift */ = {isa = PBXFileReference; lastKnownFileType = sourcecode.swift; path = "View+Extensions.swift"; sourceTree = "<group>"; };
		A98A9D292AACAB5E00F24CA6 /* UIApplication+Extensions.swift */ = {isa = PBXFileReference; lastKnownFileType = sourcecode.swift; path = "UIApplication+Extensions.swift"; sourceTree = "<group>"; };
		A9AA98B52AB44BC800050E39 /* HapticManager.swift */ = {isa = PBXFileReference; lastKnownFileType = sourcecode.swift; path = HapticManager.swift; sourceTree = "<group>"; };
		A9AA98BB2AB49F6000050E39 /* DetailView.swift */ = {isa = PBXFileReference; lastKnownFileType = sourcecode.swift; path = DetailView.swift; sourceTree = "<group>"; };
		A9FD4CF82ABAD64E0037A984 /* ChartView.swift */ = {isa = PBXFileReference; lastKnownFileType = sourcecode.swift; path = ChartView.swift; sourceTree = "<group>"; };
		A9FD4CFA2ABAE93D0037A984 /* Date+Extensions.swift */ = {isa = PBXFileReference; lastKnownFileType = sourcecode.swift; path = "Date+Extensions.swift"; sourceTree = "<group>"; };
		A9FD4CFC2ABB03350037A984 /* String+Extensions.swift */ = {isa = PBXFileReference; lastKnownFileType = sourcecode.swift; path = "String+Extensions.swift"; sourceTree = "<group>"; };
/* End PBXFileReference section */

/* Begin PBXFrameworksBuildPhase section */
		A9608C1B2AAB599F00CF272C /* Frameworks */ = {
			isa = PBXFrameworksBuildPhase;
			buildActionMask = 2147483647;
			files = (
			);
			runOnlyForDeploymentPostprocessing = 0;
		};
/* End PBXFrameworksBuildPhase section */

/* Begin PBXGroup section */
		A9291C2A2AAB6527006C5226 /* Components */ = {
			isa = PBXGroup;
			children = (
				A983F6172AAEE33800F5D192 /* StatisticView */,
				A98A9D232AACA30A00F24CA6 /* SearchBar */,
				A98A9D1A2AAC728E00F24CA6 /* CoinImage */,
				A9291C2B2AAB6533006C5226 /* CircleButton */,
			);
			path = Components;
			sourceTree = "<group>";
		};
		A9291C2B2AAB6533006C5226 /* CircleButton */ = {
			isa = PBXGroup;
			children = (
				A9291C2C2AAB6544006C5226 /* CircleButtonView.swift */,
			);
			path = CircleButton;
			sourceTree = "<group>";
		};
		A9291C312AAB70BF006C5226 /* Models */ = {
			isa = PBXGroup;
			children = (
				A936B2392AB3374F0050DC4C /* Data model */,
				A9291C322AAB70DD006C5226 /* Coin.swift */,
				A9336D9A2AB587F700B698F0 /* CoinDetail.swift */,
				A983F6152AAEE24C00F5D192 /* Statistic.swift */,
				A964E4B82AAEF6CE00073FF3 /* MarketData.swift */,
			);
			path = Models;
			sourceTree = "<group>";
		};
		A936B2392AB3374F0050DC4C /* Data model */ = {
			isa = PBXGroup;
			children = (
				A936B23A2AB337680050DC4C /* PortfolioContainer.xcdatamodeld */,
			);
			path = "Data model";
			sourceTree = "<group>";
		};
		A9608C152AAB599F00CF272C = {
			isa = PBXGroup;
			children = (
				A9608C202AAB599F00CF272C /* Krypton */,
				A9608C1F2AAB599F00CF272C /* Products */,
			);
			sourceTree = "<group>";
		};
		A9608C1F2AAB599F00CF272C /* Products */ = {
			isa = PBXGroup;
			children = (
				A9608C1E2AAB599F00CF272C /* Krypton.app */,
			);
			name = Products;
			sourceTree = "<group>";
		};
		A9608C202AAB599F00CF272C /* Krypton */ = {
			isa = PBXGroup;
			children = (
				A9AA98B72AB49F1700050E39 /* Common */,
				A98A9D172AAC5E6F00F24CA6 /* Utilities */,
				A9608C3D2AAB644F00CF272C /* Fonts */,
				A9608C2F2AAB5DE300CF272C /* Extensions */,
				A98A9D142AAC4FDB00F24CA6 /* Services */,
				A9291C312AAB70BF006C5226 /* Models */,
				A9608C362AAB61B800CF272C /* Core */,
				A9608C272AAB59A000CF272C /* Preview Content */,
				A9608C3C2AAB638800CF272C /* Info.plist */,
				A964E4BE2AAF124800073FF3 /* Launch Screen.storyboard */,
				A9608C252AAB59A000CF272C /* Assets.xcassets */,
				A9608C212AAB599F00CF272C /* KryptonApp.swift */,
			);
			path = Krypton;
			sourceTree = "<group>";
		};
		A9608C272AAB59A000CF272C /* Preview Content */ = {
			isa = PBXGroup;
			children = (
				A9608C282AAB59A000CF272C /* Preview Assets.xcassets */,
			);
			path = "Preview Content";
			sourceTree = "<group>";
		};
		A9608C2F2AAB5DE300CF272C /* Extensions */ = {
			isa = PBXGroup;
			children = (
				A9608C302AAB5DF500CF272C /* Color+Extensions.swift */,
				A9608C322AAB608E00CF272C /* Font+Extensions.swift */,
				A95BCF882AABB6B600652A3D /* PreviewProvider+Extensions.swift */,
				A95BCF8A2AABBBA200652A3D /* Double+Extensions.swift */,
				A98A9D272AACA5F200F24CA6 /* View+Extensions.swift */,
				A98A9D292AACAB5E00F24CA6 /* UIApplication+Extensions.swift */,
				A9FD4CFA2ABAE93D0037A984 /* Date+Extensions.swift */,
				A9FD4CFC2ABB03350037A984 /* String+Extensions.swift */,
			);
			path = Extensions;
			sourceTree = "<group>";
		};
		A9608C362AAB61B800CF272C /* Core */ = {
			isa = PBXGroup;
			children = (
				A9AA98B82AB49F2800050E39 /* Detail */,
				A9291C2A2AAB6527006C5226 /* Components */,
				A9608C372AAB61C600CF272C /* Home */,
			);
			path = Core;
			sourceTree = "<group>";
		};
		A9608C372AAB61C600CF272C /* Home */ = {
			isa = PBXGroup;
			children = (
				A9608C392AAB621100CF272C /* ViewModels */,
				A9608C382AAB620400CF272C /* Views */,
			);
			path = Home;
			sourceTree = "<group>";
		};
		A9608C382AAB620400CF272C /* Views */ = {
			isa = PBXGroup;
			children = (
				A9608C3A2AAB622600CF272C /* HomeView.swift */,
				A95BCF862AABB65500652A3D /* CoinRowView.swift */,
				A964E4B62AAEEB9C00073FF3 /* HomeStatisticView.swift */,
				A964E4BC2AAF10AD00073FF3 /* PortfolioView.swift */,
			);
			path = Views;
			sourceTree = "<group>";
		};
		A9608C392AAB621100CF272C /* ViewModels */ = {
			isa = PBXGroup;
			children = (
				A98A9D122AAC406900F24CA6 /* HomeViewModel.swift */,
			);
			path = ViewModels;
			sourceTree = "<group>";
		};
		A9608C3D2AAB644F00CF272C /* Fonts */ = {
			isa = PBXGroup;
			children = (
				A9608C402AAB64DC00CF272C /* LexendDeca-Bold.ttf */,
				A9608C3E2AAB64DC00CF272C /* LexendDeca-Regular.ttf */,
				A9608C3F2AAB64DC00CF272C /* LexendDeca-SemiBold.ttf */,
			);
			path = Fonts;
			sourceTree = "<group>";
		};
		A983F6172AAEE33800F5D192 /* StatisticView */ = {
			isa = PBXGroup;
			children = (
				A983F6182AAEE35C00F5D192 /* StatisticView.swift */,
			);
			path = StatisticView;
			sourceTree = "<group>";
		};
		A98A9D142AAC4FDB00F24CA6 /* Services */ = {
			isa = PBXGroup;
			children = (
				A98A9D152AAC500200F24CA6 /* CoinDataService.swift */,
				A98A9D1D2AAC749200F24CA6 /* CoinImageService.swift */,
				A964E4BA2AAEF97700073FF3 /* MarketDataService.swift */,
				A936B23D2AB338390050DC4C /* PortfolioDataService.swift */,
				A9336D9E2AB58CEB00B698F0 /* CoinDetailDataService.swift */,
			);
			path = Services;
			sourceTree = "<group>";
		};
		A98A9D172AAC5E6F00F24CA6 /* Utilities */ = {
			isa = PBXGroup;
			children = (
				A98A9D182AAC5E7D00F24CA6 /* NetworkManager.swift */,
				A98A9D212AAC924E00F24CA6 /* LocalFileManager.swift */,
				A9AA98B52AB44BC800050E39 /* HapticManager.swift */,
			);
			path = Utilities;
			sourceTree = "<group>";
		};
		A98A9D1A2AAC728E00F24CA6 /* CoinImage */ = {
			isa = PBXGroup;
			children = (
				A98A9D1B2AAC72A000F24CA6 /* CoinImageView.swift */,
				A98A9D1F2AAC75CA00F24CA6 /* CoinImageViewModel.swift */,
				A964E4C02AAF1E9300073FF3 /* CoinLogoView.swift */,
			);
			path = CoinImage;
			sourceTree = "<group>";
		};
		A98A9D232AACA30A00F24CA6 /* SearchBar */ = {
			isa = PBXGroup;
			children = (
				A98A9D252AACA33600F24CA6 /* SearchBarView.swift */,
			);
			path = SearchBar;
			sourceTree = "<group>";
		};
		A9AA98B72AB49F1700050E39 /* Common */ = {
			isa = PBXGroup;
			children = (
				A9291C2F2AAB65C3006C5226 /* Constants.swift */,
			);
			path = Common;
			sourceTree = "<group>";
		};
		A9AA98B82AB49F2800050E39 /* Detail */ = {
			isa = PBXGroup;
			children = (
				A9AA98BA2AB49F4100050E39 /* ViewModels */,
				A9AA98B92AB49F3500050E39 /* Views */,
			);
			path = Detail;
			sourceTree = "<group>";
		};
		A9AA98B92AB49F3500050E39 /* Views */ = {
			isa = PBXGroup;
			children = (
				A9AA98BB2AB49F6000050E39 /* DetailView.swift */,
				A9FD4CF82ABAD64E0037A984 /* ChartView.swift */,
			);
			path = Views;
			sourceTree = "<group>";
		};
		A9AA98BA2AB49F4100050E39 /* ViewModels */ = {
			isa = PBXGroup;
			children = (
				A9336D9C2AB5899900B698F0 /* DetailViewModel.swift */,
			);
			path = ViewModels;
			sourceTree = "<group>";
		};
/* End PBXGroup section */

/* Begin PBXNativeTarget section */
		A9608C1D2AAB599F00CF272C /* Krypton */ = {
			isa = PBXNativeTarget;
			buildConfigurationList = A9608C2C2AAB59A000CF272C /* Build configuration list for PBXNativeTarget "Krypton" */;
			buildPhases = (
				A9608C1A2AAB599F00CF272C /* Sources */,
				A9608C1B2AAB599F00CF272C /* Frameworks */,
				A9608C1C2AAB599F00CF272C /* Resources */,
			);
			buildRules = (
			);
			dependencies = (
			);
			name = Krypton;
			productName = Krypton;
			productReference = A9608C1E2AAB599F00CF272C /* Krypton.app */;
			productType = "com.apple.product-type.application";
		};
/* End PBXNativeTarget section */

/* Begin PBXProject section */
		A9608C162AAB599F00CF272C /* Project object */ = {
			isa = PBXProject;
			attributes = {
				BuildIndependentTargetsInParallel = 1;
				LastSwiftUpdateCheck = 1430;
				LastUpgradeCheck = 1430;
				TargetAttributes = {
					A9608C1D2AAB599F00CF272C = {
						CreatedOnToolsVersion = 14.3.1;
					};
				};
			};
			buildConfigurationList = A9608C192AAB599F00CF272C /* Build configuration list for PBXProject "Krypton" */;
			compatibilityVersion = "Xcode 14.0";
			developmentRegion = en;
			hasScannedForEncodings = 0;
			knownRegions = (
				en,
				Base,
			);
			mainGroup = A9608C152AAB599F00CF272C;
			productRefGroup = A9608C1F2AAB599F00CF272C /* Products */;
			projectDirPath = "";
			projectRoot = "";
			targets = (
				A9608C1D2AAB599F00CF272C /* Krypton */,
			);
		};
/* End PBXProject section */

/* Begin PBXResourcesBuildPhase section */
		A9608C1C2AAB599F00CF272C /* Resources */ = {
			isa = PBXResourcesBuildPhase;
			buildActionMask = 2147483647;
			files = (
				A964E4BF2AAF124800073FF3 /* Launch Screen.storyboard in Resources */,
				A9608C422AAB64DC00CF272C /* LexendDeca-SemiBold.ttf in Resources */,
				A9608C432AAB64DC00CF272C /* LexendDeca-Bold.ttf in Resources */,
				A9608C292AAB59A000CF272C /* Preview Assets.xcassets in Resources */,
				A9608C412AAB64DC00CF272C /* LexendDeca-Regular.ttf in Resources */,
				A9608C262AAB59A000CF272C /* Assets.xcassets in Resources */,
			);
			runOnlyForDeploymentPostprocessing = 0;
		};
/* End PBXResourcesBuildPhase section */

/* Begin PBXSourcesBuildPhase section */
		A9608C1A2AAB599F00CF272C /* Sources */ = {
			isa = PBXSourcesBuildPhase;
			buildActionMask = 2147483647;
			files = (
				A95BCF872AABB65500652A3D /* CoinRowView.swift in Sources */,
				A9291C2D2AAB6544006C5226 /* CircleButtonView.swift in Sources */,
				A9608C222AAB599F00CF272C /* KryptonApp.swift in Sources */,
				A9FD4CF92ABAD64E0037A984 /* ChartView.swift in Sources */,
				A95BCF892AABB6B600652A3D /* PreviewProvider+Extensions.swift in Sources */,
				A98A9D162AAC500200F24CA6 /* CoinDataService.swift in Sources */,
				A964E4C12AAF1E9300073FF3 /* CoinLogoView.swift in Sources */,
				A964E4B72AAEEB9C00073FF3 /* HomeStatisticView.swift in Sources */,
				A964E4BD2AAF10AD00073FF3 /* PortfolioView.swift in Sources */,
				A9608C332AAB608E00CF272C /* Font+Extensions.swift in Sources */,
				A936B23E2AB338390050DC4C /* PortfolioDataService.swift in Sources */,
				A9291C332AAB70DD006C5226 /* Coin.swift in Sources */,
				A9FD4CFD2ABB03350037A984 /* String+Extensions.swift in Sources */,
				A983F6162AAEE24C00F5D192 /* Statistic.swift in Sources */,
				A98A9D202AAC75CA00F24CA6 /* CoinImageViewModel.swift in Sources */,
				A98A9D132AAC406900F24CA6 /* HomeViewModel.swift in Sources */,
				A9291C302AAB65C3006C5226 /* Constants.swift in Sources */,
				A964E4BB2AAEF97700073FF3 /* MarketDataService.swift in Sources */,
				A9AA98BC2AB49F6000050E39 /* DetailView.swift in Sources */,
				A98A9D222AAC924E00F24CA6 /* LocalFileManager.swift in Sources */,
				A98A9D262AACA33600F24CA6 /* SearchBarView.swift in Sources */,
				A983F6192AAEE35C00F5D192 /* StatisticView.swift in Sources */,
				A98A9D2A2AACAB5E00F24CA6 /* UIApplication+Extensions.swift in Sources */,
				A98A9D192AAC5E7D00F24CA6 /* NetworkManager.swift in Sources */,
				A98A9D1C2AAC72A000F24CA6 /* CoinImageView.swift in Sources */,
				A936B23C2AB337680050DC4C /* PortfolioContainer.xcdatamodeld in Sources */,
				A9608C3B2AAB622600CF272C /* HomeView.swift in Sources */,
				A95BCF8B2AABBBA200652A3D /* Double+Extensions.swift in Sources */,
				A98A9D1E2AAC749200F24CA6 /* CoinImageService.swift in Sources */,
				A98A9D282AACA5F200F24CA6 /* View+Extensions.swift in Sources */,
				A9FD4CFB2ABAE93D0037A984 /* Date+Extensions.swift in Sources */,
				A964E4B92AAEF6CE00073FF3 /* MarketData.swift in Sources */,
				A9336D9B2AB587F700B698F0 /* CoinDetail.swift in Sources */,
				A9AA98B62AB44BC800050E39 /* HapticManager.swift in Sources */,
				A9336D9F2AB58CEB00B698F0 /* CoinDetailDataService.swift in Sources */,
				A9336D9D2AB5899900B698F0 /* DetailViewModel.swift in Sources */,
				A9608C312AAB5DF500CF272C /* Color+Extensions.swift in Sources */,
			);
			runOnlyForDeploymentPostprocessing = 0;
		};
/* End PBXSourcesBuildPhase section */

/* Begin XCBuildConfiguration section */
		A9608C2A2AAB59A000CF272C /* Debug */ = {
			isa = XCBuildConfiguration;
			buildSettings = {
				ALWAYS_SEARCH_USER_PATHS = NO;
				CLANG_ANALYZER_NONNULL = YES;
				CLANG_ANALYZER_NUMBER_OBJECT_CONVERSION = YES_AGGRESSIVE;
				CLANG_CXX_LANGUAGE_STANDARD = "gnu++20";
				CLANG_ENABLE_MODULES = YES;
				CLANG_ENABLE_OBJC_ARC = YES;
				CLANG_ENABLE_OBJC_WEAK = YES;
				CLANG_WARN_BLOCK_CAPTURE_AUTORELEASING = YES;
				CLANG_WARN_BOOL_CONVERSION = YES;
				CLANG_WARN_COMMA = YES;
				CLANG_WARN_CONSTANT_CONVERSION = YES;
				CLANG_WARN_DEPRECATED_OBJC_IMPLEMENTATIONS = YES;
				CLANG_WARN_DIRECT_OBJC_ISA_USAGE = YES_ERROR;
				CLANG_WARN_DOCUMENTATION_COMMENTS = YES;
				CLANG_WARN_EMPTY_BODY = YES;
				CLANG_WARN_ENUM_CONVERSION = YES;
				CLANG_WARN_INFINITE_RECURSION = YES;
				CLANG_WARN_INT_CONVERSION = YES;
				CLANG_WARN_NON_LITERAL_NULL_CONVERSION = YES;
				CLANG_WARN_OBJC_IMPLICIT_RETAIN_SELF = YES;
				CLANG_WARN_OBJC_LITERAL_CONVERSION = YES;
				CLANG_WARN_OBJC_ROOT_CLASS = YES_ERROR;
				CLANG_WARN_QUOTED_INCLUDE_IN_FRAMEWORK_HEADER = YES;
				CLANG_WARN_RANGE_LOOP_ANALYSIS = YES;
				CLANG_WARN_STRICT_PROTOTYPES = YES;
				CLANG_WARN_SUSPICIOUS_MOVE = YES;
				CLANG_WARN_UNGUARDED_AVAILABILITY = YES_AGGRESSIVE;
				CLANG_WARN_UNREACHABLE_CODE = YES;
				CLANG_WARN__DUPLICATE_METHOD_MATCH = YES;
				COPY_PHASE_STRIP = NO;
				DEBUG_INFORMATION_FORMAT = dwarf;
				ENABLE_STRICT_OBJC_MSGSEND = YES;
				ENABLE_TESTABILITY = YES;
				GCC_C_LANGUAGE_STANDARD = gnu11;
				GCC_DYNAMIC_NO_PIC = NO;
				GCC_NO_COMMON_BLOCKS = YES;
				GCC_OPTIMIZATION_LEVEL = 0;
				GCC_PREPROCESSOR_DEFINITIONS = (
					"DEBUG=1",
					"$(inherited)",
				);
				GCC_WARN_64_TO_32_BIT_CONVERSION = YES;
				GCC_WARN_ABOUT_RETURN_TYPE = YES_ERROR;
				GCC_WARN_UNDECLARED_SELECTOR = YES;
				GCC_WARN_UNINITIALIZED_AUTOS = YES_AGGRESSIVE;
				GCC_WARN_UNUSED_FUNCTION = YES;
				GCC_WARN_UNUSED_VARIABLE = YES;
				IPHONEOS_DEPLOYMENT_TARGET = 16.4;
				MTL_ENABLE_DEBUG_INFO = INCLUDE_SOURCE;
				MTL_FAST_MATH = YES;
				ONLY_ACTIVE_ARCH = YES;
				SDKROOT = iphoneos;
				SWIFT_ACTIVE_COMPILATION_CONDITIONS = DEBUG;
				SWIFT_OPTIMIZATION_LEVEL = "-Onone";
			};
			name = Debug;
		};
		A9608C2B2AAB59A000CF272C /* Release */ = {
			isa = XCBuildConfiguration;
			buildSettings = {
				ALWAYS_SEARCH_USER_PATHS = NO;
				CLANG_ANALYZER_NONNULL = YES;
				CLANG_ANALYZER_NUMBER_OBJECT_CONVERSION = YES_AGGRESSIVE;
				CLANG_CXX_LANGUAGE_STANDARD = "gnu++20";
				CLANG_ENABLE_MODULES = YES;
				CLANG_ENABLE_OBJC_ARC = YES;
				CLANG_ENABLE_OBJC_WEAK = YES;
				CLANG_WARN_BLOCK_CAPTURE_AUTORELEASING = YES;
				CLANG_WARN_BOOL_CONVERSION = YES;
				CLANG_WARN_COMMA = YES;
				CLANG_WARN_CONSTANT_CONVERSION = YES;
				CLANG_WARN_DEPRECATED_OBJC_IMPLEMENTATIONS = YES;
				CLANG_WARN_DIRECT_OBJC_ISA_USAGE = YES_ERROR;
				CLANG_WARN_DOCUMENTATION_COMMENTS = YES;
				CLANG_WARN_EMPTY_BODY = YES;
				CLANG_WARN_ENUM_CONVERSION = YES;
				CLANG_WARN_INFINITE_RECURSION = YES;
				CLANG_WARN_INT_CONVERSION = YES;
				CLANG_WARN_NON_LITERAL_NULL_CONVERSION = YES;
				CLANG_WARN_OBJC_IMPLICIT_RETAIN_SELF = YES;
				CLANG_WARN_OBJC_LITERAL_CONVERSION = YES;
				CLANG_WARN_OBJC_ROOT_CLASS = YES_ERROR;
				CLANG_WARN_QUOTED_INCLUDE_IN_FRAMEWORK_HEADER = YES;
				CLANG_WARN_RANGE_LOOP_ANALYSIS = YES;
				CLANG_WARN_STRICT_PROTOTYPES = YES;
				CLANG_WARN_SUSPICIOUS_MOVE = YES;
				CLANG_WARN_UNGUARDED_AVAILABILITY = YES_AGGRESSIVE;
				CLANG_WARN_UNREACHABLE_CODE = YES;
				CLANG_WARN__DUPLICATE_METHOD_MATCH = YES;
				COPY_PHASE_STRIP = NO;
				DEBUG_INFORMATION_FORMAT = "dwarf-with-dsym";
				ENABLE_NS_ASSERTIONS = NO;
				ENABLE_STRICT_OBJC_MSGSEND = YES;
				GCC_C_LANGUAGE_STANDARD = gnu11;
				GCC_NO_COMMON_BLOCKS = YES;
				GCC_WARN_64_TO_32_BIT_CONVERSION = YES;
				GCC_WARN_ABOUT_RETURN_TYPE = YES_ERROR;
				GCC_WARN_UNDECLARED_SELECTOR = YES;
				GCC_WARN_UNINITIALIZED_AUTOS = YES_AGGRESSIVE;
				GCC_WARN_UNUSED_FUNCTION = YES;
				GCC_WARN_UNUSED_VARIABLE = YES;
				IPHONEOS_DEPLOYMENT_TARGET = 16.4;
				MTL_ENABLE_DEBUG_INFO = NO;
				MTL_FAST_MATH = YES;
				SDKROOT = iphoneos;
				SWIFT_COMPILATION_MODE = wholemodule;
				SWIFT_OPTIMIZATION_LEVEL = "-O";
				VALIDATE_PRODUCT = YES;
			};
			name = Release;
		};
		A9608C2D2AAB59A000CF272C /* Debug */ = {
			isa = XCBuildConfiguration;
			buildSettings = {
				ASSETCATALOG_COMPILER_APPICON_NAME = AppIcon;
				ASSETCATALOG_COMPILER_GLOBAL_ACCENT_COLOR_NAME = AccentColor;
				CODE_SIGN_STYLE = Automatic;
				CURRENT_PROJECT_VERSION = 1;
				DEVELOPMENT_ASSET_PATHS = "\"Krypton/Preview Content\"";
				DEVELOPMENT_TEAM = PYY242G566;
				ENABLE_PREVIEWS = YES;
				GENERATE_INFOPLIST_FILE = YES;
				INFOPLIST_FILE = Krypton/Info.plist;
				INFOPLIST_KEY_CFBundleDisplayName = Krypton;
				INFOPLIST_KEY_UIApplicationSceneManifest_Generation = YES;
				INFOPLIST_KEY_UIApplicationSupportsIndirectInputEvents = YES;
				INFOPLIST_KEY_UILaunchStoryboardName = "Launch Screen.storyboard";
				INFOPLIST_KEY_UISupportedInterfaceOrientations = UIInterfaceOrientationPortrait;
				INFOPLIST_KEY_UISupportedInterfaceOrientations_iPad = "UIInterfaceOrientationLandscapeLeft UIInterfaceOrientationLandscapeRight UIInterfaceOrientationPortrait UIInterfaceOrientationPortraitUpsideDown";
				LD_RUNPATH_SEARCH_PATHS = (
					"$(inherited)",
					"@executable_path/Frameworks",
				);
				MARKETING_VERSION = 1.0;
				PRODUCT_BUNDLE_IDENTIFIER = com.marcasteroid.Krypton;
				PRODUCT_NAME = "$(TARGET_NAME)";
				SUPPORTED_PLATFORMS = "iphoneos iphonesimulator";
				SUPPORTS_MACCATALYST = NO;
				SUPPORTS_MAC_DESIGNED_FOR_IPHONE_IPAD = NO;
				SWIFT_EMIT_LOC_STRINGS = YES;
				SWIFT_VERSION = 5.0;
				TARGETED_DEVICE_FAMILY = 1;
			};
			name = Debug;
		};
		A9608C2E2AAB59A000CF272C /* Release */ = {
			isa = XCBuildConfiguration;
			buildSettings = {
				ASSETCATALOG_COMPILER_APPICON_NAME = AppIcon;
				ASSETCATALOG_COMPILER_GLOBAL_ACCENT_COLOR_NAME = AccentColor;
				CODE_SIGN_STYLE = Automatic;
				CURRENT_PROJECT_VERSION = 1;
				DEVELOPMENT_ASSET_PATHS = "\"Krypton/Preview Content\"";
				DEVELOPMENT_TEAM = PYY242G566;
				ENABLE_PREVIEWS = YES;
				GENERATE_INFOPLIST_FILE = YES;
				INFOPLIST_FILE = Krypton/Info.plist;
				INFOPLIST_KEY_CFBundleDisplayName = Krypton;
				INFOPLIST_KEY_UIApplicationSceneManifest_Generation = YES;
				INFOPLIST_KEY_UIApplicationSupportsIndirectInputEvents = YES;
				INFOPLIST_KEY_UILaunchStoryboardName = "Launch Screen.storyboard";
				INFOPLIST_KEY_UISupportedInterfaceOrientations = UIInterfaceOrientationPortrait;
				INFOPLIST_KEY_UISupportedInterfaceOrientations_iPad = "UIInterfaceOrientationLandscapeLeft UIInterfaceOrientationLandscapeRight UIInterfaceOrientationPortrait UIInterfaceOrientationPortraitUpsideDown";
				LD_RUNPATH_SEARCH_PATHS = (
					"$(inherited)",
					"@executable_path/Frameworks",
				);
				MARKETING_VERSION = 1.0;
				PRODUCT_BUNDLE_IDENTIFIER = com.marcasteroid.Krypton;
				PRODUCT_NAME = "$(TARGET_NAME)";
				SUPPORTED_PLATFORMS = "iphoneos iphonesimulator";
				SUPPORTS_MACCATALYST = NO;
				SUPPORTS_MAC_DESIGNED_FOR_IPHONE_IPAD = NO;
				SWIFT_EMIT_LOC_STRINGS = YES;
				SWIFT_VERSION = 5.0;
				TARGETED_DEVICE_FAMILY = 1;
			};
			name = Release;
		};
/* End XCBuildConfiguration section */

/* Begin XCConfigurationList section */
		A9608C192AAB599F00CF272C /* Build configuration list for PBXProject "Krypton" */ = {
			isa = XCConfigurationList;
			buildConfigurations = (
				A9608C2A2AAB59A000CF272C /* Debug */,
				A9608C2B2AAB59A000CF272C /* Release */,
			);
			defaultConfigurationIsVisible = 0;
			defaultConfigurationName = Release;
		};
		A9608C2C2AAB59A000CF272C /* Build configuration list for PBXNativeTarget "Krypton" */ = {
			isa = XCConfigurationList;
			buildConfigurations = (
				A9608C2D2AAB59A000CF272C /* Debug */,
				A9608C2E2AAB59A000CF272C /* Release */,
			);
			defaultConfigurationIsVisible = 0;
			defaultConfigurationName = Release;
		};
/* End XCConfigurationList section */

/* Begin XCVersionGroup section */
		A936B23A2AB337680050DC4C /* PortfolioContainer.xcdatamodeld */ = {
			isa = XCVersionGroup;
			children = (
				A936B23B2AB337680050DC4C /* PortfolioContainer.xcdatamodel */,
			);
			currentVersion = A936B23B2AB337680050DC4C /* PortfolioContainer.xcdatamodel */;
			path = PortfolioContainer.xcdatamodeld;
			sourceTree = "<group>";
			versionGroupType = wrapper.xcdatamodel;
		};
/* End XCVersionGroup section */
	};
	rootObject = A9608C162AAB599F00CF272C /* Project object */;
}
